// !$*UTF8*$!
{
	archiveVersion = 1;
	classes = {
	};
	objectVersion = 46;
	objects = {

/* Begin PBXBuildFile section */
		F8CD08D31CFDC00300435A6C /* firstTableViewController.m in Sources */ = {isa = PBXBuildFile; fileRef = F8CD08D21CFDC00300435A6C /* firstTableViewController.m */; };
		F8CD08D61CFDC05500435A6C /* secondTableViewController.m in Sources */ = {isa = PBXBuildFile; fileRef = F8CD08D51CFDC05500435A6C /* secondTableViewController.m */; };
		F8CD08D91CFDC07000435A6C /* thirdTableViewController.m in Sources */ = {isa = PBXBuildFile; fileRef = F8CD08D81CFDC07000435A6C /* thirdTableViewController.m */; };
		F8CD08DC1CFDC07B00435A6C /* fourthTableViewController.m in Sources */ = {isa = PBXBuildFile; fileRef = F8CD08DB1CFDC07B00435A6C /* fourthTableViewController.m */; };
		F8CD08E41CFDC6F000435A6C /* demo1.m in Sources */ = {isa = PBXBuildFile; fileRef = F8CD08E31CFDC6F000435A6C /* demo1.m */; };
		F8CD08E71CFDC7AF00435A6C /* demo2.m in Sources */ = {isa = PBXBuildFile; fileRef = F8CD08E61CFDC7AF00435A6C /* demo2.m */; };
		F8CD08EA1CFDC7B800435A6C /* demo3.m in Sources */ = {isa = PBXBuildFile; fileRef = F8CD08E91CFDC7B800435A6C /* demo3.m */; };
		F8CD08ED1CFDC7C300435A6C /* demo4.m in Sources */ = {isa = PBXBuildFile; fileRef = F8CD08EC1CFDC7C300435A6C /* demo4.m */; };
		F8DB0F4F1CF3100600D5F3FA /* main.m in Sources */ = {isa = PBXBuildFile; fileRef = F8DB0F4E1CF3100600D5F3FA /* main.m */; };
		F8DB0F521CF3100600D5F3FA /* AppDelegate.m in Sources */ = {isa = PBXBuildFile; fileRef = F8DB0F511CF3100600D5F3FA /* AppDelegate.m */; };
		F8DB0F5A1CF3100600D5F3FA /* Assets.xcassets in Resources */ = {isa = PBXBuildFile; fileRef = F8DB0F591CF3100600D5F3FA /* Assets.xcassets */; };
		F8DB0F5D1CF3100600D5F3FA /* LaunchScreen.storyboard in Resources */ = {isa = PBXBuildFile; fileRef = F8DB0F5B1CF3100600D5F3FA /* LaunchScreen.storyboard */; };
		F8DB0F681CF3100600D5F3FA /* MyAppTests.m in Sources */ = {isa = PBXBuildFile; fileRef = F8DB0F671CF3100600D5F3FA /* MyAppTests.m */; };
		F8DB0F731CF3100600D5F3FA /* MyAppUITests.m in Sources */ = {isa = PBXBuildFile; fileRef = F8DB0F721CF3100600D5F3FA /* MyAppUITests.m */; };
		F8DB10711CF539D800D5F3FA /* ViewController.m in Sources */ = {isa = PBXBuildFile; fileRef = F8DB10701CF539D800D5F3FA /* ViewController.m */; };
		F8DB10741CF53A1700D5F3FA /* navigationController.m in Sources */ = {isa = PBXBuildFile; fileRef = F8DB10731CF53A1700D5F3FA /* navigationController.m */; };
		F8DB107A1CF53B4500D5F3FA /* tabBarController.m in Sources */ = {isa = PBXBuildFile; fileRef = F8DB10791CF53B4500D5F3FA /* tabBarController.m */; };
/* End PBXBuildFile section */

/* Begin PBXContainerItemProxy section */
		F8DB0F641CF3100600D5F3FA /* PBXContainerItemProxy */ = {
			isa = PBXContainerItemProxy;
			containerPortal = F8DB0F421CF3100600D5F3FA /* Project object */;
			proxyType = 1;
			remoteGlobalIDString = F8DB0F491CF3100600D5F3FA;
			remoteInfo = MyApp;
		};
		F8DB0F6F1CF3100600D5F3FA /* PBXContainerItemProxy */ = {
			isa = PBXContainerItemProxy;
			containerPortal = F8DB0F421CF3100600D5F3FA /* Project object */;
			proxyType = 1;
			remoteGlobalIDString = F8DB0F491CF3100600D5F3FA;
			remoteInfo = MyApp;
		};
/* End PBXContainerItemProxy section */

/* Begin PBXFileReference section */
		F8CD08D11CFDC00300435A6C /* firstTableViewController.h */ = {isa = PBXFileReference; fileEncoding = 4; lastKnownFileType = sourcecode.c.h; path = firstTableViewController.h; sourceTree = "<group>"; };
		F8CD08D21CFDC00300435A6C /* firstTableViewController.m */ = {isa = PBXFileReference; fileEncoding = 4; lastKnownFileType = sourcecode.c.objc; path = firstTableViewController.m; sourceTree = "<group>"; };
		F8CD08D41CFDC05500435A6C /* secondTableViewController.h */ = {isa = PBXFileReference; fileEncoding = 4; lastKnownFileType = sourcecode.c.h; path = secondTableViewController.h; sourceTree = "<group>"; };
		F8CD08D51CFDC05500435A6C /* secondTableViewController.m */ = {isa = PBXFileReference; fileEncoding = 4; lastKnownFileType = sourcecode.c.objc; path = secondTableViewController.m; sourceTree = "<group>"; };
		F8CD08D71CFDC07000435A6C /* thirdTableViewController.h */ = {isa = PBXFileReference; fileEncoding = 4; lastKnownFileType = sourcecode.c.h; path = thirdTableViewController.h; sourceTree = "<group>"; };
		F8CD08D81CFDC07000435A6C /* thirdTableViewController.m */ = {isa = PBXFileReference; fileEncoding = 4; lastKnownFileType = sourcecode.c.objc; path = thirdTableViewController.m; sourceTree = "<group>"; };
		F8CD08DA1CFDC07B00435A6C /* fourthTableViewController.h */ = {isa = PBXFileReference; fileEncoding = 4; lastKnownFileType = sourcecode.c.h; path = fourthTableViewController.h; sourceTree = "<group>"; };
		F8CD08DB1CFDC07B00435A6C /* fourthTableViewController.m */ = {isa = PBXFileReference; fileEncoding = 4; lastKnownFileType = sourcecode.c.objc; path = fourthTableViewController.m; sourceTree = "<group>"; };
		F8CD08E21CFDC6F000435A6C /* demo1.h */ = {isa = PBXFileReference; fileEncoding = 4; lastKnownFileType = sourcecode.c.h; path = demo1.h; sourceTree = "<group>"; };
		F8CD08E31CFDC6F000435A6C /* demo1.m */ = {isa = PBXFileReference; fileEncoding = 4; lastKnownFileType = sourcecode.c.objc; path = demo1.m; sourceTree = "<group>"; };
		F8CD08E51CFDC7AF00435A6C /* demo2.h */ = {isa = PBXFileReference; fileEncoding = 4; lastKnownFileType = sourcecode.c.h; path = demo2.h; sourceTree = "<group>"; };
		F8CD08E61CFDC7AF00435A6C /* demo2.m */ = {isa = PBXFileReference; fileEncoding = 4; lastKnownFileType = sourcecode.c.objc; path = demo2.m; sourceTree = "<group>"; };
		F8CD08E81CFDC7B800435A6C /* demo3.h */ = {isa = PBXFileReference; fileEncoding = 4; lastKnownFileType = sourcecode.c.h; path = demo3.h; sourceTree = "<group>"; };
		F8CD08E91CFDC7B800435A6C /* demo3.m */ = {isa = PBXFileReference; fileEncoding = 4; lastKnownFileType = sourcecode.c.objc; path = demo3.m; sourceTree = "<group>"; };
		F8CD08EB1CFDC7C300435A6C /* demo4.h */ = {isa = PBXFileReference; fileEncoding = 4; lastKnownFileType = sourcecode.c.h; path = demo4.h; sourceTree = "<group>"; };
		F8CD08EC1CFDC7C300435A6C /* demo4.m */ = {isa = PBXFileReference; fileEncoding = 4; lastKnownFileType = sourcecode.c.objc; path = demo4.m; sourceTree = "<group>"; };
		F8DB0F4A1CF3100600D5F3FA /* MyApp.app */ = {isa = PBXFileReference; explicitFileType = wrapper.application; includeInIndex = 0; path = MyApp.app; sourceTree = BUILT_PRODUCTS_DIR; };
		F8DB0F4E1CF3100600D5F3FA /* main.m */ = {isa = PBXFileReference; lastKnownFileType = sourcecode.c.objc; path = main.m; sourceTree = "<group>"; };
		F8DB0F501CF3100600D5F3FA /* AppDelegate.h */ = {isa = PBXFileReference; lastKnownFileType = sourcecode.c.h; path = AppDelegate.h; sourceTree = "<group>"; };
		F8DB0F511CF3100600D5F3FA /* AppDelegate.m */ = {isa = PBXFileReference; lastKnownFileType = sourcecode.c.objc; path = AppDelegate.m; sourceTree = "<group>"; };
		F8DB0F591CF3100600D5F3FA /* Assets.xcassets */ = {isa = PBXFileReference; lastKnownFileType = folder.assetcatalog; path = Assets.xcassets; sourceTree = "<group>"; };
		F8DB0F5C1CF3100600D5F3FA /* Base */ = {isa = PBXFileReference; lastKnownFileType = file.storyboard; name = Base; path = Base.lproj/LaunchScreen.storyboard; sourceTree = "<group>"; };
		F8DB0F5E1CF3100600D5F3FA /* Info.plist */ = {isa = PBXFileReference; lastKnownFileType = text.plist.xml; path = Info.plist; sourceTree = "<group>"; };
		F8DB0F631CF3100600D5F3FA /* MyAppTests.xctest */ = {isa = PBXFileReference; explicitFileType = wrapper.cfbundle; includeInIndex = 0; path = MyAppTests.xctest; sourceTree = BUILT_PRODUCTS_DIR; };
		F8DB0F671CF3100600D5F3FA /* MyAppTests.m */ = {isa = PBXFileReference; lastKnownFileType = sourcecode.c.objc; path = MyAppTests.m; sourceTree = "<group>"; };
		F8DB0F691CF3100600D5F3FA /* Info.plist */ = {isa = PBXFileReference; lastKnownFileType = text.plist.xml; path = Info.plist; sourceTree = "<group>"; };
		F8DB0F6E1CF3100600D5F3FA /* MyAppUITests.xctest */ = {isa = PBXFileReference; explicitFileType = wrapper.cfbundle; includeInIndex = 0; path = MyAppUITests.xctest; sourceTree = BUILT_PRODUCTS_DIR; };
		F8DB0F721CF3100600D5F3FA /* MyAppUITests.m */ = {isa = PBXFileReference; lastKnownFileType = sourcecode.c.objc; path = MyAppUITests.m; sourceTree = "<group>"; };
		F8DB0F741CF3100600D5F3FA /* Info.plist */ = {isa = PBXFileReference; lastKnownFileType = text.plist.xml; path = Info.plist; sourceTree = "<group>"; };
		F8DB106F1CF539D800D5F3FA /* ViewController.h */ = {isa = PBXFileReference; fileEncoding = 4; lastKnownFileType = sourcecode.c.h; path = ViewController.h; sourceTree = "<group>"; };
		F8DB10701CF539D800D5F3FA /* ViewController.m */ = {isa = PBXFileReference; fileEncoding = 4; lastKnownFileType = sourcecode.c.objc; path = ViewController.m; sourceTree = "<group>"; };
		F8DB10721CF53A1700D5F3FA /* navigationController.h */ = {isa = PBXFileReference; fileEncoding = 4; lastKnownFileType = sourcecode.c.h; path = navigationController.h; sourceTree = "<group>"; };
		F8DB10731CF53A1700D5F3FA /* navigationController.m */ = {isa = PBXFileReference; fileEncoding = 4; lastKnownFileType = sourcecode.c.objc; path = navigationController.m; sourceTree = "<group>"; };
		F8DB10781CF53B4500D5F3FA /* tabBarController.h */ = {isa = PBXFileReference; fileEncoding = 4; lastKnownFileType = sourcecode.c.h; path = tabBarController.h; sourceTree = "<group>"; };
		F8DB10791CF53B4500D5F3FA /* tabBarController.m */ = {isa = PBXFileReference; fileEncoding = 4; lastKnownFileType = sourcecode.c.objc; path = tabBarController.m; sourceTree = "<group>"; };
/* End PBXFileReference section */

/* Begin PBXFrameworksBuildPhase section */
		F8DB0F471CF3100600D5F3FA /* Frameworks */ = {
			isa = PBXFrameworksBuildPhase;
			buildActionMask = 2147483647;
			files = (
			);
			runOnlyForDeploymentPostprocessing = 0;
		};
		F8DB0F601CF3100600D5F3FA /* Frameworks */ = {
			isa = PBXFrameworksBuildPhase;
			buildActionMask = 2147483647;
			files = (
			);
			runOnlyForDeploymentPostprocessing = 0;
		};
		F8DB0F6B1CF3100600D5F3FA /* Frameworks */ = {
			isa = PBXFrameworksBuildPhase;
			buildActionMask = 2147483647;
			files = (
			);
			runOnlyForDeploymentPostprocessing = 0;
		};
/* End PBXFrameworksBuildPhase section */

/* Begin PBXGroup section */
		F8CD08DD1CFDC67D00435A6C /* demo1 */ = {
			isa = PBXGroup;
			children = (
				F8CD08E21CFDC6F000435A6C /* demo1.h */,
				F8CD08E31CFDC6F000435A6C /* demo1.m */,
			);
			name = demo1;
			sourceTree = "<group>";
		};
		F8CD08DF1CFDC6C700435A6C /* demo2 */ = {
			isa = PBXGroup;
			children = (
				F8CD08E51CFDC7AF00435A6C /* demo2.h */,
				F8CD08E61CFDC7AF00435A6C /* demo2.m */,
			);
			name = demo2;
			sourceTree = "<group>";
		};
		F8CD08E01CFDC6CD00435A6C /* demo3 */ = {
			isa = PBXGroup;
			children = (
				F8CD08E81CFDC7B800435A6C /* demo3.h */,
				F8CD08E91CFDC7B800435A6C /* demo3.m */,
			);
			name = demo3;
			sourceTree = "<group>";
		};
		F8CD08E11CFDC6D100435A6C /* demo4 */ = {
			isa = PBXGroup;
			children = (
				F8CD08EB1CFDC7C300435A6C /* demo4.h */,
				F8CD08EC1CFDC7C300435A6C /* demo4.m */,
			);
			name = demo4;
			sourceTree = "<group>";
		};
		F8DB0F411CF3100600D5F3FA = {
			isa = PBXGroup;
			children = (
				F8DB0F4C1CF3100600D5F3FA /* MyApp */,
				F8DB0F661CF3100600D5F3FA /* MyAppTests */,
				F8DB0F711CF3100600D5F3FA /* MyAppUITests */,
				F8DB0F4B1CF3100600D5F3FA /* Products */,
			);
			sourceTree = "<group>";
		};
		F8DB0F4B1CF3100600D5F3FA /* Products */ = {
			isa = PBXGroup;
			children = (
				F8DB0F4A1CF3100600D5F3FA /* MyApp.app */,
				F8DB0F631CF3100600D5F3FA /* MyAppTests.xctest */,
				F8DB0F6E1CF3100600D5F3FA /* MyAppUITests.xctest */,
			);
			name = Products;
			sourceTree = "<group>";
		};
		F8DB0F4C1CF3100600D5F3FA /* MyApp */ = {
			isa = PBXGroup;
			children = (
				F8DB105F1CF5391400D5F3FA /* main */,
				F8DB105E1CF5390D00D5F3FA /* fourth */,
				F8DB105D1CF5390500D5F3FA /* third */,
				F8DB105C1CF538FD00D5F3FA /* second */,
				F8DB105B1CF538E800D5F3FA /* first */,
				F8DB0F591CF3100600D5F3FA /* Assets.xcassets */,
				F8DB0F5B1CF3100600D5F3FA /* LaunchScreen.storyboard */,
				F8DB0F5E1CF3100600D5F3FA /* Info.plist */,
				F8DB0F4D1CF3100600D5F3FA /* Supporting Files */,
			);
			path = MyApp;
			sourceTree = "<group>";
		};
		F8DB0F4D1CF3100600D5F3FA /* Supporting Files */ = {
			isa = PBXGroup;
			children = (
				F8DB0F4E1CF3100600D5F3FA /* main.m */,
			);
			name = "Supporting Files";
			sourceTree = "<group>";
		};
		F8DB0F661CF3100600D5F3FA /* MyAppTests */ = {
			isa = PBXGroup;
			children = (
				F8DB0F671CF3100600D5F3FA /* MyAppTests.m */,
				F8DB0F691CF3100600D5F3FA /* Info.plist */,
			);
			path = MyAppTests;
			sourceTree = "<group>";
		};
		F8DB0F711CF3100600D5F3FA /* MyAppUITests */ = {
			isa = PBXGroup;
			children = (
				F8DB0F721CF3100600D5F3FA /* MyAppUITests.m */,
				F8DB0F741CF3100600D5F3FA /* Info.plist */,
			);
			path = MyAppUITests;
			sourceTree = "<group>";
		};
		F8DB105B1CF538E800D5F3FA /* first */ = {
			isa = PBXGroup;
			children = (
				F8CD08D11CFDC00300435A6C /* firstTableViewController.h */,
				F8CD08D21CFDC00300435A6C /* firstTableViewController.m */,
			);
			name = first;
			sourceTree = "<group>";
		};
		F8DB105C1CF538FD00D5F3FA /* second */ = {
			isa = PBXGroup;
			children = (
				F8CD08E11CFDC6D100435A6C /* demo4 */,
				F8CD08E01CFDC6CD00435A6C /* demo3 */,
				F8CD08DF1CFDC6C700435A6C /* demo2 */,
				F8CD08DD1CFDC67D00435A6C /* demo1 */,
				F8CD08D41CFDC05500435A6C /* secondTableViewController.h */,
				F8CD08D51CFDC05500435A6C /* secondTableViewController.m */,
			);
			name = second;
			sourceTree = "<group>";
		};
		F8DB105D1CF5390500D5F3FA /* third */ = {
			isa = PBXGroup;
			children = (
				F8CD08D71CFDC07000435A6C /* thirdTableViewController.h */,
				F8CD08D81CFDC07000435A6C /* thirdTableViewController.m */,
			);
			name = third;
			sourceTree = "<group>";
		};
		F8DB105E1CF5390D00D5F3FA /* fourth */ = {
			isa = PBXGroup;
			children = (
				F8CD08DA1CFDC07B00435A6C /* fourthTableViewController.h */,
				F8CD08DB1CFDC07B00435A6C /* fourthTableViewController.m */,
			);
			name = fourth;
			sourceTree = "<group>";
		};
		F8DB105F1CF5391400D5F3FA /* main */ = {
			isa = PBXGroup;
			children = (
				F8DB0F501CF3100600D5F3FA /* AppDelegate.h */,
				F8DB0F511CF3100600D5F3FA /* AppDelegate.m */,
				F8DB106F1CF539D800D5F3FA /* ViewController.h */,
				F8DB10701CF539D800D5F3FA /* ViewController.m */,
				F8DB10721CF53A1700D5F3FA /* navigationController.h */,
				F8DB10731CF53A1700D5F3FA /* navigationController.m */,
				F8DB10781CF53B4500D5F3FA /* tabBarController.h */,
				F8DB10791CF53B4500D5F3FA /* tabBarController.m */,
			);
			name = main;
			sourceTree = "<group>";
		};
/* End PBXGroup section */

/* Begin PBXNativeTarget section */
		F8DB0F491CF3100600D5F3FA /* MyApp */ = {
			isa = PBXNativeTarget;
			buildConfigurationList = F8DB0F771CF3100700D5F3FA /* Build configuration list for PBXNativeTarget "MyApp" */;
			buildPhases = (
				F8DB0F461CF3100600D5F3FA /* Sources */,
				F8DB0F471CF3100600D5F3FA /* Frameworks */,
				F8DB0F481CF3100600D5F3FA /* Resources */,
			);
			buildRules = (
			);
			dependencies = (
			);
			name = MyApp;
			productName = MyApp;
			productReference = F8DB0F4A1CF3100600D5F3FA /* MyApp.app */;
			productType = "com.apple.product-type.application";
		};
		F8DB0F621CF3100600D5F3FA /* MyAppTests */ = {
			isa = PBXNativeTarget;
			buildConfigurationList = F8DB0F7A1CF3100700D5F3FA /* Build configuration list for PBXNativeTarget "MyAppTests" */;
			buildPhases = (
				F8DB0F5F1CF3100600D5F3FA /* Sources */,
				F8DB0F601CF3100600D5F3FA /* Frameworks */,
				F8DB0F611CF3100600D5F3FA /* Resources */,
			);
			buildRules = (
			);
			dependencies = (
				F8DB0F651CF3100600D5F3FA /* PBXTargetDependency */,
			);
			name = MyAppTests;
			productName = MyAppTests;
			productReference = F8DB0F631CF3100600D5F3FA /* MyAppTests.xctest */;
			productType = "com.apple.product-type.bundle.unit-test";
		};
		F8DB0F6D1CF3100600D5F3FA /* MyAppUITests */ = {
			isa = PBXNativeTarget;
			buildConfigurationList = F8DB0F7D1CF3100700D5F3FA /* Build configuration list for PBXNativeTarget "MyAppUITests" */;
			buildPhases = (
				F8DB0F6A1CF3100600D5F3FA /* Sources */,
				F8DB0F6B1CF3100600D5F3FA /* Frameworks */,
				F8DB0F6C1CF3100600D5F3FA /* Resources */,
			);
			buildRules = (
			);
			dependencies = (
				F8DB0F701CF3100600D5F3FA /* PBXTargetDependency */,
			);
			name = MyAppUITests;
			productName = MyAppUITests;
			productReference = F8DB0F6E1CF3100600D5F3FA /* MyAppUITests.xctest */;
			productType = "com.apple.product-type.bundle.ui-testing";
		};
/* End PBXNativeTarget section */

/* Begin PBXProject section */
		F8DB0F421CF3100600D5F3FA /* Project object */ = {
			isa = PBXProject;
			attributes = {
				LastUpgradeCheck = 0730;
				ORGANIZATIONNAME = Orient;
				TargetAttributes = {
					F8DB0F491CF3100600D5F3FA = {
						CreatedOnToolsVersion = 7.3.1;
						DevelopmentTeam = JP69ENXV8L;
					};
					F8DB0F621CF3100600D5F3FA = {
						CreatedOnToolsVersion = 7.3.1;
						TestTargetID = F8DB0F491CF3100600D5F3FA;
					};
					F8DB0F6D1CF3100600D5F3FA = {
						CreatedOnToolsVersion = 7.3.1;
						TestTargetID = F8DB0F491CF3100600D5F3FA;
					};
				};
			};
			buildConfigurationList = F8DB0F451CF3100600D5F3FA /* Build configuration list for PBXProject "MyApp" */;
			compatibilityVersion = "Xcode 3.2";
			developmentRegion = English;
			hasScannedForEncodings = 0;
			knownRegions = (
				en,
				Base,
			);
			mainGroup = F8DB0F411CF3100600D5F3FA;
			productRefGroup = F8DB0F4B1CF3100600D5F3FA /* Products */;
			projectDirPath = "";
			projectRoot = "";
			targets = (
				F8DB0F491CF3100600D5F3FA /* MyApp */,
				F8DB0F621CF3100600D5F3FA /* MyAppTests */,
				F8DB0F6D1CF3100600D5F3FA /* MyAppUITests */,
			);
		};
/* End PBXProject section */

/* Begin PBXResourcesBuildPhase section */
		F8DB0F481CF3100600D5F3FA /* Resources */ = {
			isa = PBXResourcesBuildPhase;
			buildActionMask = 2147483647;
			files = (
				F8DB0F5D1CF3100600D5F3FA /* LaunchScreen.storyboard in Resources */,
				F8DB0F5A1CF3100600D5F3FA /* Assets.xcassets in Resources */,
			);
			runOnlyForDeploymentPostprocessing = 0;
		};
		F8DB0F611CF3100600D5F3FA /* Resources */ = {
			isa = PBXResourcesBuildPhase;
			buildActionMask = 2147483647;
			files = (
			);
			runOnlyForDeploymentPostprocessing = 0;
		};
		F8DB0F6C1CF3100600D5F3FA /* Resources */ = {
			isa = PBXResourcesBuildPhase;
			buildActionMask = 2147483647;
			files = (
			);
			runOnlyForDeploymentPostprocessing = 0;
		};
/* End PBXResourcesBuildPhase section */

/* Begin PBXSourcesBuildPhase section */
		F8DB0F461CF3100600D5F3FA /* Sources */ = {
			isa = PBXSourcesBuildPhase;
			buildActionMask = 2147483647;
			files = (
				F8DB107A1CF53B4500D5F3FA /* tabBarController.m in Sources */,
				F8DB10711CF539D800D5F3FA /* ViewController.m in Sources */,
				F8CD08DC1CFDC07B00435A6C /* fourthTableViewController.m in Sources */,
				F8CD08D61CFDC05500435A6C /* secondTableViewController.m in Sources */,
				F8CD08E41CFDC6F000435A6C /* demo1.m in Sources */,
				F8DB0F521CF3100600D5F3FA /* AppDelegate.m in Sources */,
				F8CD08EA1CFDC7B800435A6C /* demo3.m in Sources */,
				F8CD08D31CFDC00300435A6C /* firstTableViewController.m in Sources */,
				F8CD08ED1CFDC7C300435A6C /* demo4.m in Sources */,
				F8DB10741CF53A1700D5F3FA /* navigationController.m in Sources */,
				F8DB0F4F1CF3100600D5F3FA /* main.m in Sources */,
				F8CD08E71CFDC7AF00435A6C /* demo2.m in Sources */,
				F8CD08D91CFDC07000435A6C /* thirdTableViewController.m in Sources */,
			);
			runOnlyForDeploymentPostprocessing = 0;
		};
		F8DB0F5F1CF3100600D5F3FA /* Sources */ = {
			isa = PBXSourcesBuildPhase;
			buildActionMask = 2147483647;
			files = (
				F8DB0F681CF3100600D5F3FA /* MyAppTests.m in Sources */,
			);
			runOnlyForDeploymentPostprocessing = 0;
		};
		F8DB0F6A1CF3100600D5F3FA /* Sources */ = {
			isa = PBXSourcesBuildPhase;
			buildActionMask = 2147483647;
			files = (
				F8DB0F731CF3100600D5F3FA /* MyAppUITests.m in Sources */,
			);
			runOnlyForDeploymentPostprocessing = 0;
		};
/* End PBXSourcesBuildPhase section */

/* Begin PBXTargetDependency section */
		F8DB0F651CF3100600D5F3FA /* PBXTargetDependency */ = {
			isa = PBXTargetDependency;
			target = F8DB0F491CF3100600D5F3FA /* MyApp */;
			targetProxy = F8DB0F641CF3100600D5F3FA /* PBXContainerItemProxy */;
		};
		F8DB0F701CF3100600D5F3FA /* PBXTargetDependency */ = {
			isa = PBXTargetDependency;
			target = F8DB0F491CF3100600D5F3FA /* MyApp */;
			targetProxy = F8DB0F6F1CF3100600D5F3FA /* PBXContainerItemProxy */;
		};
/* End PBXTargetDependency section */

/* Begin PBXVariantGroup section */
		F8DB0F5B1CF3100600D5F3FA /* LaunchScreen.storyboard */ = {
			isa = PBXVariantGroup;
			children = (
				F8DB0F5C1CF3100600D5F3FA /* Base */,
			);
			name = LaunchScreen.storyboard;
			sourceTree = "<group>";
		};
/* End PBXVariantGroup section */

/* Begin XCBuildConfiguration section */
		F8DB0F751CF3100700D5F3FA /* Debug */ = {
			isa = XCBuildConfiguration;
			buildSettings = {
				ALWAYS_SEARCH_USER_PATHS = NO;
				CLANG_ANALYZER_NONNULL = YES;
				CLANG_CXX_LANGUAGE_STANDARD = "gnu++0x";
				CLANG_CXX_LIBRARY = "libc++";
				CLANG_ENABLE_MODULES = YES;
				CLANG_ENABLE_OBJC_ARC = YES;
				CLANG_WARN_BOOL_CONVERSION = YES;
				CLANG_WARN_CONSTANT_CONVERSION = YES;
				CLANG_WARN_DIRECT_OBJC_ISA_USAGE = YES_ERROR;
				CLANG_WARN_EMPTY_BODY = YES;
				CLANG_WARN_ENUM_CONVERSION = YES;
				CLANG_WARN_INT_CONVERSION = YES;
				CLANG_WARN_OBJC_ROOT_CLASS = YES_ERROR;
				CLANG_WARN_UNREACHABLE_CODE = YES;
				CLANG_WARN__DUPLICATE_METHOD_MATCH = YES;
				"CODE_SIGN_IDENTITY[sdk=iphoneos*]" = "iPhone Developer";
				COPY_PHASE_STRIP = NO;
				DEBUG_INFORMATION_FORMAT = dwarf;
				ENABLE_STRICT_OBJC_MSGSEND = YES;
				ENABLE_TESTABILITY = YES;
				GCC_C_LANGUAGE_STANDARD = gnu99;
				GCC_DYNAMIC_NO_PIC = NO;
				GCC_NO_COMMON_BLOCKS = YES;
				GCC_OPTIMIZATION_LEVEL = 0;
				GCC_PREPROCESSOR_DEFINITIONS = (
					"DEBUG=1",
					"$(inherited)",
				);
				GCC_WARN_64_TO_32_BIT_CONVERSION = YES;
				GCC_WARN_ABOUT_RETURN_TYPE = YES_ERROR;
				GCC_WARN_UNDECLARED_SELECTOR = YES;
				GCC_WARN_UNINITIALIZED_AUTOS = YES_AGGRESSIVE;
				GCC_WARN_UNUSED_FUNCTION = YES;
				GCC_WARN_UNUSED_VARIABLE = YES;
				IPHONEOS_DEPLOYMENT_TARGET = 9.3;
				MTL_ENABLE_DEBUG_INFO = YES;
				ONLY_ACTIVE_ARCH = YES;
				SDKROOT = iphoneos;
			};
			name = Debug;
		};
		F8DB0F761CF3100700D5F3FA /* Release */ = {
			isa = XCBuildConfiguration;
			buildSettings = {
				ALWAYS_SEARCH_USER_PATHS = NO;
				CLANG_ANALYZER_NONNULL = YES;
				CLANG_CXX_LANGUAGE_STANDARD = "gnu++0x";
				CLANG_CXX_LIBRARY = "libc++";
				CLANG_ENABLE_MODULES = YES;
				CLANG_ENABLE_OBJC_ARC = YES;
				CLANG_WARN_BOOL_CONVERSION = YES;
				CLANG_WARN_CONSTANT_CONVERSION = YES;
				CLANG_WARN_DIRECT_OBJC_ISA_USAGE = YES_ERROR;
				CLANG_WARN_EMPTY_BODY = YES;
				CLANG_WARN_ENUM_CONVERSION = YES;
				CLANG_WARN_INT_CONVERSION = YES;
				CLANG_WARN_OBJC_ROOT_CLASS = YES_ERROR;
				CLANG_WARN_UNREACHABLE_CODE = YES;
				CLANG_WARN__DUPLICATE_METHOD_MATCH = YES;
				"CODE_SIGN_IDENTITY[sdk=iphoneos*]" = "iPhone Developer";
				COPY_PHASE_STRIP = NO;
				DEBUG_INFORMATION_FORMAT = "dwarf-with-dsym";
				ENABLE_NS_ASSERTIONS = NO;
				ENABLE_STRICT_OBJC_MSGSEND = YES;
				GCC_C_LANGUAGE_STANDARD = gnu99;
				GCC_NO_COMMON_BLOCKS = YES;
				GCC_WARN_64_TO_32_BIT_CONVERSION = YES;
				GCC_WARN_ABOUT_RETURN_TYPE = YES_ERROR;
				GCC_WARN_UNDECLARED_SELECTOR = YES;
				GCC_WARN_UNINITIALIZED_AUTOS = YES_AGGRESSIVE;
				GCC_WARN_UNUSED_FUNCTION = YES;
				GCC_WARN_UNUSED_VARIABLE = YES;
				IPHONEOS_DEPLOYMENT_TARGET = 9.3;
				MTL_ENABLE_DEBUG_INFO = NO;
				SDKROOT = iphoneos;
				VALIDATE_PRODUCT = YES;
			};
			name = Release;
		};
		F8DB0F781CF3100700D5F3FA /* Debug */ = {
			isa = XCBuildConfiguration;
			buildSettings = {
				ASSETCATALOG_COMPILER_APPICON_NAME = AppIcon;
				CODE_SIGN_IDENTITY = "iPhone Developer";
				"CODE_SIGN_IDENTITY[sdk=iphoneos*]" = "iPhone Developer";
				INFOPLIST_FILE = MyApp/Info.plist;
				LD_RUNPATH_SEARCH_PATHS = "$(inherited) @executable_path/Frameworks";
				PRODUCT_BUNDLE_IDENTIFIER = com.orient.MyApp;
				PRODUCT_NAME = "$(TARGET_NAME)";
				PROVISIONING_PROFILE = "";
			};
			name = Debug;
		};
		F8DB0F791CF3100700D5F3FA /* Release */ = {
			isa = XCBuildConfiguration;
			buildSettings = {
				ASSETCATALOG_COMPILER_APPICON_NAME = AppIcon;
				CODE_SIGN_IDENTITY = "iPhone Developer";
				"CODE_SIGN_IDENTITY[sdk=iphoneos*]" = "iPhone Developer";
				INFOPLIST_FILE = MyApp/Info.plist;
				LD_RUNPATH_SEARCH_PATHS = "$(inherited) @executable_path/Frameworks";
				PRODUCT_BUNDLE_IDENTIFIER = com.orient.MyApp;
				PRODUCT_NAME = "$(TARGET_NAME)";
				PROVISIONING_PROFILE = "";
			};
			name = Release;
		};
		F8DB0F7B1CF3100700D5F3FA /* Debug */ = {
			isa = XCBuildConfiguration;
			buildSettings = {
				BUNDLE_LOADER = "$(TEST_HOST)";
				INFOPLIST_FILE = MyAppTests/Info.plist;
				LD_RUNPATH_SEARCH_PATHS = "$(inherited) @executable_path/Frameworks @loader_path/Frameworks";
				PRODUCT_BUNDLE_IDENTIFIER = com.orient.MyAppTests;
				PRODUCT_NAME = "$(TARGET_NAME)";
				TEST_HOST = "$(BUILT_PRODUCTS_DIR)/MyApp.app/MyApp";
			};
			name = Debug;
		};
		F8DB0F7C1CF3100700D5F3FA /* Release */ = {
			isa = XCBuildConfiguration;
			buildSettings = {
				BUNDLE_LOADER = "$(TEST_HOST)";
				INFOPLIST_FILE = MyAppTests/Info.plist;
				LD_RUNPATH_SEARCH_PATHS = "$(inherited) @executable_path/Frameworks @loader_path/Frameworks";
				PRODUCT_BUNDLE_IDENTIFIER = com.orient.MyAppTests;
				PRODUCT_NAME = "$(TARGET_NAME)";
				TEST_HOST = "$(BUILT_PRODUCTS_DIR)/MyApp.app/MyApp";
			};
			name = Release;
		};
		F8DB0F7E1CF3100700D5F3FA /* Debug */ = {
			isa = XCBuildConfiguration;
			buildSettings = {
				INFOPLIST_FILE = MyAppUITests/Info.plist;
				LD_RUNPATH_SEARCH_PATHS = "$(inherited) @executable_path/Frameworks @loader_path/Frameworks";
				PRODUCT_BUNDLE_IDENTIFIER = com.orient.MyAppUITests;
				PRODUCT_NAME = "$(TARGET_NAME)";
				TEST_TARGET_NAME = MyApp;
			};
			name = Debug;
		};
		F8DB0F7F1CF3100700D5F3FA /* Release */ = {
			isa = XCBuildConfiguration;
			buildSettings = {
				INFOPLIST_FILE = MyAppUITests/Info.plist;
				LD_RUNPATH_SEARCH_PATHS = "$(inherited) @executable_path/Frameworks @loader_path/Frameworks";
				PRODUCT_BUNDLE_IDENTIFIER = com.orient.MyAppUITests;
				PRODUCT_NAME = "$(TARGET_NAME)";
				TEST_TARGET_NAME = MyApp;
			};
			name = Release;
		};
/* End XCBuildConfiguration section */

/* Begin XCConfigurationList section */
		F8DB0F451CF3100600D5F3FA /* Build configuration list for PBXProject "MyApp" */ = {
			isa = XCConfigurationList;
			buildConfigurations = (
				F8DB0F751CF3100700D5F3FA /* Debug */,
				F8DB0F761CF3100700D5F3FA /* Release */,
			);
			defaultConfigurationIsVisible = 0;
			defaultConfigurationName = Release;
		};
		F8DB0F771CF3100700D5F3FA /* Build configuration list for PBXNativeTarget "MyApp" */ = {
			isa = XCConfigurationList;
			buildConfigurations = (
				F8DB0F781CF3100700D5F3FA /* Debug */,
				F8DB0F791CF3100700D5F3FA /* Release */,
			);
			defaultConfigurationIsVisible = 0;
			defaultConfigurationName = Release;
		};
		F8DB0F7A1CF3100700D5F3FA /* Build configuration list for PBXNativeTarget "MyAppTests" */ = {
			isa = XCConfigurationList;
			buildConfigurations = (
				F8DB0F7B1CF3100700D5F3FA /* Debug */,
				F8DB0F7C1CF3100700D5F3FA /* Release */,
			);
			defaultConfigurationIsVisible = 0;
			defaultConfigurationName = Release;
		};
		F8DB0F7D1CF3100700D5F3FA /* Build configuration list for PBXNativeTarget "MyAppUITests" */ = {
			isa = XCConfigurationList;
			buildConfigurations = (
				F8DB0F7E1CF3100700D5F3FA /* Debug */,
				F8DB0F7F1CF3100700D5F3FA /* Release */,
			);
			defaultConfigurationIsVisible = 0;
			defaultConfigurationName = Release;
		};
/* End XCConfigurationList section */
	};
	rootObject = F8DB0F421CF3100600D5F3FA /* Project object */;
}
